
Microsoft Visual Studio Solution File, Format Version 12.00
# Visual Studio Version 16
VisualStudioVersion = 25.0.1706.7
MinimumVisualStudioVersion = 10.0.40219.1
Project("{FAE04EC0-301F-11D3-BF4B-00C04F79EFBC}") = "TodoDemo", "TodoDemo\TodoDemo.csproj", "{81142B57-E6B4-4227-83F5-5DBF48AFCC70}"
EndProject
Global
	GlobalSection(SolutionConfigurationPlatforms) = preSolution
		Debug|Any CPU = Debug|Any CPU
		Release|Any CPU = Release|Any CPU
	EndGlobalSection
	GlobalSection(ProjectConfigurationPlatforms) = postSolution
		{81142B57-E6B4-4227-83F5-5DBF48AFCC70}.Debug|Any CPU.ActiveCfg = Debug|Any CPU
		{81142B57-E6B4-4227-83F5-5DBF48AFCC70}.Debug|Any CPU.Build.0 = Debug|Any CPU
		{81142B57-E6B4-4227-83F5-5DBF48AFCC70}.Release|Any CPU.ActiveCfg = Release|Any CPU
		{81142B57-E6B4-4227-83F5-5DBF48AFCC70}.Release|Any CPU.Build.0 = Release|Any CPU
	EndGlobalSection
	GlobalSection(SolutionProperties) = preSolution
		HideSolutionNode = FALSE
	EndGlobalSection
	GlobalSection(ExtensibilityGlobals) = postSolution
		SolutionGuid = {4429B0D4-4EE2-447D-B90F-3E190C9E923A}
	EndGlobalSection
EndGlobal
