
Microsoft Visual Studio Solution File, Format Version 12.00
# Visual Studio Version 16
VisualStudioVersion = 25.0.1706.7
MinimumVisualStudioVersion = 10.0.40219.1
Project("{FAE04EC0-301F-11D3-BF4B-00C04F79EFBC}") = "CodeAcademySystem.PL", "CodeAcademySystem\CodeAcademySystem.PL.csproj", "{CCB9CE65-FEA5-4221-919A-F9FD300F670B}"
EndProject
Project("{FAE04EC0-301F-11D3-BF4B-00C04F79EFBC}") = "CodeAcademySystem.DAL", "CodeAcademySystem DAL\CodeAcademySystem.DAL.csproj", "{A207040A-7456-4BB1-924D-20E3A1C5022B}"
EndProject
Project("{FAE04EC0-301F-11D3-BF4B-00C04F79EFBC}") = "CodeAcademySystem.BLL", "CodeAcademySystem BLL\CodeAcademySystem.BLL.csproj", "{E3915767-3E9F-4D69-BDAD-2DDF6A50CFEE}"
EndProject
Global
	GlobalSection(SolutionConfigurationPlatforms) = preSolution
		Debug|Any CPU = Debug|Any CPU
		Release|Any CPU = Release|Any CPU
	EndGlobalSection
	GlobalSection(ProjectConfigurationPlatforms) = postSolution
		{CCB9CE65-FEA5-4221-919A-F9FD300F670B}.Debug|Any CPU.ActiveCfg = Debug|Any CPU
		{CCB9CE65-FEA5-4221-919A-F9FD300F670B}.Debug|Any CPU.Build.0 = Debug|Any CPU
		{CCB9CE65-FEA5-4221-919A-F9FD300F670B}.Release|Any CPU.ActiveCfg = Release|Any CPU
		{CCB9CE65-FEA5-4221-919A-F9FD300F670B}.Release|Any CPU.Build.0 = Release|Any CPU
		{A207040A-7456-4BB1-924D-20E3A1C5022B}.Debug|Any CPU.ActiveCfg = Debug|Any CPU
		{A207040A-7456-4BB1-924D-20E3A1C5022B}.Debug|Any CPU.Build.0 = Debug|Any CPU
		{A207040A-7456-4BB1-924D-20E3A1C5022B}.Release|Any CPU.ActiveCfg = Release|Any CPU
		{A207040A-7456-4BB1-924D-20E3A1C5022B}.Release|Any CPU.Build.0 = Release|Any CPU
		{E3915767-3E9F-4D69-BDAD-2DDF6A50CFEE}.Debug|Any CPU.ActiveCfg = Debug|Any CPU
		{E3915767-3E9F-4D69-BDAD-2DDF6A50CFEE}.Debug|Any CPU.Build.0 = Debug|Any CPU
		{E3915767-3E9F-4D69-BDAD-2DDF6A50CFEE}.Release|Any CPU.ActiveCfg = Release|Any CPU
		{E3915767-3E9F-4D69-BDAD-2DDF6A50CFEE}.Release|Any CPU.Build.0 = Release|Any CPU
	EndGlobalSection
	GlobalSection(SolutionProperties) = preSolution
		HideSolutionNode = FALSE
	EndGlobalSection
	GlobalSection(ExtensibilityGlobals) = postSolution
		SolutionGuid = {1BA125EC-4DBA-42AD-9160-67164CBB8D14}
	EndGlobalSection
EndGlobal
